
Microsoft Visual Studio Solution File, Format Version 12.00
# Visual Studio Version 17
VisualStudioVersion = 17.8.34601.278
MinimumVisualStudioVersion = 10.0.40219.1
Project("{FAE04EC0-301F-11D3-BF4B-00C04F79EFBC}") = "ConsAppTCPServer", "ConsAppTCPServer.csproj", "{C7AEDAA3-35A1-413E-BCF7-C412E578C320}"
EndProject
Global
	GlobalSection(SolutionConfigurationPlatforms) = preSolution
		Debug|Any CPU = Debug|Any CPU
		Release|Any CPU = Release|Any CPU
	EndGlobalSection
	GlobalSection(ProjectConfigurationPlatforms) = postSolution
		{C7AEDAA3-35A1-413E-BCF7-C412E578C320}.Debug|Any CPU.ActiveCfg = Debug|Any CPU
		{C7AEDAA3-35A1-413E-BCF7-C412E578C320}.Debug|Any CPU.Build.0 = Debug|Any CPU
		{C7AEDAA3-35A1-413E-BCF7-C412E578C320}.Release|Any CPU.ActiveCfg = Release|Any CPU
		{C7AEDAA3-35A1-413E-BCF7-C412E578C320}.Release|Any CPU.Build.0 = Release|Any CPU
	EndGlobalSection
	GlobalSection(SolutionProperties) = preSolution
		HideSolutionNode = FALSE
	EndGlobalSection
	GlobalSection(ExtensibilityGlobals) = postSolution
		SolutionGuid = {C90A1173-B4A8-4BCA-AB51-7D1922979AC3}
	EndGlobalSection
EndGlobal
